// !$*UTF8*$!
{
	archiveVersion = 1;
	classes = {
	};
	objectVersion = 48;
	objects = {

/* Begin PBXBuildFile section */
		8C363A351F434AF6000556E6 /* BookEntity+CoreDataClass.m in Sources */ = {isa = PBXBuildFile; fileRef = 8C363A331F434AF6000556E6 /* BookEntity+CoreDataClass.m */; };
		8C363A361F434AF6000556E6 /* BookEntity+CoreDataProperties.m in Sources */ = {isa = PBXBuildFile; fileRef = 8C363A341F434AF6000556E6 /* BookEntity+CoreDataProperties.m */; };
		8C3F69B81F4193E90017D754 /* AppDelegate.m in Sources */ = {isa = PBXBuildFile; fileRef = 8C3F69B71F4193E90017D754 /* AppDelegate.m */; };
		8C3F69BE1F4193E90017D754 /* Main.storyboard in Resources */ = {isa = PBXBuildFile; fileRef = 8C3F69BC1F4193E90017D754 /* Main.storyboard */; };
		8C3F69C11F4193E90017D754 /* PeerReview11_v2.xcdatamodeld in Sources */ = {isa = PBXBuildFile; fileRef = 8C3F69BF1F4193E90017D754 /* PeerReview11_v2.xcdatamodeld */; };
		8C3F69C31F4193E90017D754 /* Assets.xcassets in Resources */ = {isa = PBXBuildFile; fileRef = 8C3F69C21F4193E90017D754 /* Assets.xcassets */; };
		8C3F69C61F4193E90017D754 /* LaunchScreen.storyboard in Resources */ = {isa = PBXBuildFile; fileRef = 8C3F69C41F4193E90017D754 /* LaunchScreen.storyboard */; };
		8C3F69C91F4193E90017D754 /* main.m in Sources */ = {isa = PBXBuildFile; fileRef = 8C3F69C81F4193E90017D754 /* main.m */; };
		8C3F69D31F4193E90017D754 /* PeerReview11_v2Tests.m in Sources */ = {isa = PBXBuildFile; fileRef = 8C3F69D21F4193E90017D754 /* PeerReview11_v2Tests.m */; };
		8C3F69DE1F4193E90017D754 /* PeerReview11_v2UITests.m in Sources */ = {isa = PBXBuildFile; fileRef = 8C3F69DD1F4193E90017D754 /* PeerReview11_v2UITests.m */; };
		8C3F69F31F41EC620017D754 /* MyUINavigatinController.m in Sources */ = {isa = PBXBuildFile; fileRef = 8C3F69F21F41EC620017D754 /* MyUINavigatinController.m */; };
		8C3F69F61F41EC880017D754 /* MyUITableViewController.m in Sources */ = {isa = PBXBuildFile; fileRef = 8C3F69F51F41EC880017D754 /* MyUITableViewController.m */; };
		8C3F69F91F41ECB80017D754 /* MyUIViewController.m in Sources */ = {isa = PBXBuildFile; fileRef = 8C3F69F81F41ECB80017D754 /* MyUIViewController.m */; };
		8C3F69FC1F41ED0D0017D754 /* MyUITableViewCell.m in Sources */ = {isa = PBXBuildFile; fileRef = 8C3F69FB1F41ED0D0017D754 /* MyUITableViewCell.m */; };
/* End PBXBuildFile section */

/* Begin PBXContainerItemProxy section */
		8C3F69CF1F4193E90017D754 /* PBXContainerItemProxy */ = {
			isa = PBXContainerItemProxy;
			containerPortal = 8C3F69AB1F4193E90017D754 /* Project object */;
			proxyType = 1;
			remoteGlobalIDString = 8C3F69B21F4193E90017D754;
			remoteInfo = "PeerReview11 v2";
		};
		8C3F69DA1F4193E90017D754 /* PBXContainerItemProxy */ = {
			isa = PBXContainerItemProxy;
			containerPortal = 8C3F69AB1F4193E90017D754 /* Project object */;
			proxyType = 1;
			remoteGlobalIDString = 8C3F69B21F4193E90017D754;
			remoteInfo = "PeerReview11 v2";
		};
/* End PBXContainerItemProxy section */

/* Begin PBXFileReference section */
		8C363A311F434AF6000556E6 /* BookEntity+CoreDataProperties.h */ = {isa = PBXFileReference; lastKnownFileType = sourcecode.c.h; path = "BookEntity+CoreDataProperties.h"; sourceTree = "<group>"; };
		8C363A321F434AF6000556E6 /* BookEntity+CoreDataClass.h */ = {isa = PBXFileReference; lastKnownFileType = sourcecode.c.h; path = "BookEntity+CoreDataClass.h"; sourceTree = "<group>"; };
		8C363A331F434AF6000556E6 /* BookEntity+CoreDataClass.m */ = {isa = PBXFileReference; lastKnownFileType = sourcecode.c.objc; path = "BookEntity+CoreDataClass.m"; sourceTree = "<group>"; };
		8C363A341F434AF6000556E6 /* BookEntity+CoreDataProperties.m */ = {isa = PBXFileReference; lastKnownFileType = sourcecode.c.objc; path = "BookEntity+CoreDataProperties.m"; sourceTree = "<group>"; };
		8C3F69B31F4193E90017D754 /* PeerReview11 v2.app */ = {isa = PBXFileReference; explicitFileType = wrapper.application; includeInIndex = 0; path = "PeerReview11 v2.app"; sourceTree = BUILT_PRODUCTS_DIR; };
		8C3F69B61F4193E90017D754 /* AppDelegate.h */ = {isa = PBXFileReference; lastKnownFileType = sourcecode.c.h; path = AppDelegate.h; sourceTree = "<group>"; };
		8C3F69B71F4193E90017D754 /* AppDelegate.m */ = {isa = PBXFileReference; lastKnownFileType = sourcecode.c.objc; path = AppDelegate.m; sourceTree = "<group>"; };
		8C3F69BD1F4193E90017D754 /* Base */ = {isa = PBXFileReference; lastKnownFileType = file.storyboard; name = Base; path = Base.lproj/Main.storyboard; sourceTree = "<group>"; };
		8C3F69C01F4193E90017D754 /* PeerReview11_v2.xcdatamodel */ = {isa = PBXFileReference; lastKnownFileType = wrapper.xcdatamodel; path = PeerReview11_v2.xcdatamodel; sourceTree = "<group>"; };
		8C3F69C21F4193E90017D754 /* Assets.xcassets */ = {isa = PBXFileReference; lastKnownFileType = folder.assetcatalog; path = Assets.xcassets; sourceTree = "<group>"; };
		8C3F69C51F4193E90017D754 /* Base */ = {isa = PBXFileReference; lastKnownFileType = file.storyboard; name = Base; path = Base.lproj/LaunchScreen.storyboard; sourceTree = "<group>"; };
		8C3F69C71F4193E90017D754 /* Info.plist */ = {isa = PBXFileReference; lastKnownFileType = text.plist.xml; path = Info.plist; sourceTree = "<group>"; };
		8C3F69C81F4193E90017D754 /* main.m */ = {isa = PBXFileReference; lastKnownFileType = sourcecode.c.objc; path = main.m; sourceTree = "<group>"; };
		8C3F69CE1F4193E90017D754 /* PeerReview11 v2Tests.xctest */ = {isa = PBXFileReference; explicitFileType = wrapper.cfbundle; includeInIndex = 0; path = "PeerReview11 v2Tests.xctest"; sourceTree = BUILT_PRODUCTS_DIR; };
		8C3F69D21F4193E90017D754 /* PeerReview11_v2Tests.m */ = {isa = PBXFileReference; lastKnownFileType = sourcecode.c.objc; path = PeerReview11_v2Tests.m; sourceTree = "<group>"; };
		8C3F69D41F4193E90017D754 /* Info.plist */ = {isa = PBXFileReference; lastKnownFileType = text.plist.xml; path = Info.plist; sourceTree = "<group>"; };
		8C3F69D91F4193E90017D754 /* PeerReview11 v2UITests.xctest */ = {isa = PBXFileReference; explicitFileType = wrapper.cfbundle; includeInIndex = 0; path = "PeerReview11 v2UITests.xctest"; sourceTree = BUILT_PRODUCTS_DIR; };
		8C3F69DD1F4193E90017D754 /* PeerReview11_v2UITests.m */ = {isa = PBXFileReference; lastKnownFileType = sourcecode.c.objc; path = PeerReview11_v2UITests.m; sourceTree = "<group>"; };
		8C3F69DF1F4193E90017D754 /* Info.plist */ = {isa = PBXFileReference; lastKnownFileType = text.plist.xml; path = Info.plist; sourceTree = "<group>"; };
		8C3F69F11F41EC620017D754 /* MyUINavigatinController.h */ = {isa = PBXFileReference; lastKnownFileType = sourcecode.c.h; path = MyUINavigatinController.h; sourceTree = "<group>"; };
		8C3F69F21F41EC620017D754 /* MyUINavigatinController.m */ = {isa = PBXFileReference; lastKnownFileType = sourcecode.c.objc; path = MyUINavigatinController.m; sourceTree = "<group>"; };
		8C3F69F41F41EC880017D754 /* MyUITableViewController.h */ = {isa = PBXFileReference; lastKnownFileType = sourcecode.c.h; path = MyUITableViewController.h; sourceTree = "<group>"; };
		8C3F69F51F41EC880017D754 /* MyUITableViewController.m */ = {isa = PBXFileReference; lastKnownFileType = sourcecode.c.objc; path = MyUITableViewController.m; sourceTree = "<group>"; };
		8C3F69F71F41ECB80017D754 /* MyUIViewController.h */ = {isa = PBXFileReference; lastKnownFileType = sourcecode.c.h; path = MyUIViewController.h; sourceTree = "<group>"; };
		8C3F69F81F41ECB80017D754 /* MyUIViewController.m */ = {isa = PBXFileReference; lastKnownFileType = sourcecode.c.objc; path = MyUIViewController.m; sourceTree = "<group>"; };
		8C3F69FA1F41ED0D0017D754 /* MyUITableViewCell.h */ = {isa = PBXFileReference; lastKnownFileType = sourcecode.c.h; path = MyUITableViewCell.h; sourceTree = "<group>"; };
		8C3F69FB1F41ED0D0017D754 /* MyUITableViewCell.m */ = {isa = PBXFileReference; lastKnownFileType = sourcecode.c.objc; path = MyUITableViewCell.m; sourceTree = "<group>"; };
		8C3F69FD1F41ED2E0017D754 /* ASHandlesMOC.h */ = {isa = PBXFileReference; lastKnownFileType = sourcecode.c.h; path = ASHandlesMOC.h; sourceTree = "<group>"; };
		8C3F69FE1F41ED400017D754 /* ASHandleBooks.h */ = {isa = PBXFileReference; lastKnownFileType = sourcecode.c.h; path = ASHandleBooks.h; sourceTree = "<group>"; };
/* End PBXFileReference section */

/* Begin PBXFrameworksBuildPhase section */
		8C3F69B01F4193E90017D754 /* Frameworks */ = {
			isa = PBXFrameworksBuildPhase;
			buildActionMask = 2147483647;
			files = (
			);
			runOnlyForDeploymentPostprocessing = 0;
		};
		8C3F69CB1F4193E90017D754 /* Frameworks */ = {
			isa = PBXFrameworksBuildPhase;
			buildActionMask = 2147483647;
			files = (
			);
			runOnlyForDeploymentPostprocessing = 0;
		};
		8C3F69D61F4193E90017D754 /* Frameworks */ = {
			isa = PBXFrameworksBuildPhase;
			buildActionMask = 2147483647;
			files = (
			);
			runOnlyForDeploymentPostprocessing = 0;
		};
/* End PBXFrameworksBuildPhase section */

/* Begin PBXGroup section */
		8C3F69AA1F4193E90017D754 = {
			isa = PBXGroup;
			children = (
				8C363A311F434AF6000556E6 /* BookEntity+CoreDataProperties.h */,
				8C363A321F434AF6000556E6 /* BookEntity+CoreDataClass.h */,
				8C363A331F434AF6000556E6 /* BookEntity+CoreDataClass.m */,
				8C363A341F434AF6000556E6 /* BookEntity+CoreDataProperties.m */,
				8C3F69B51F4193E90017D754 /* PeerReview11 v2 */,
				8C3F69D11F4193E90017D754 /* PeerReview11 v2Tests */,
				8C3F69DC1F4193E90017D754 /* PeerReview11 v2UITests */,
				8C3F69B41F4193E90017D754 /* Products */,
			);
			sourceTree = "<group>";
		};
		8C3F69B41F4193E90017D754 /* Products */ = {
			isa = PBXGroup;
			children = (
				8C3F69B31F4193E90017D754 /* PeerReview11 v2.app */,
				8C3F69CE1F4193E90017D754 /* PeerReview11 v2Tests.xctest */,
				8C3F69D91F4193E90017D754 /* PeerReview11 v2UITests.xctest */,
			);
			name = Products;
			sourceTree = "<group>";
		};
		8C3F69B51F4193E90017D754 /* PeerReview11 v2 */ = {
			isa = PBXGroup;
			children = (
				8C3F69B61F4193E90017D754 /* AppDelegate.h */,
				8C3F69B71F4193E90017D754 /* AppDelegate.m */,
				8C3F69BC1F4193E90017D754 /* Main.storyboard */,
				8C3F69F11F41EC620017D754 /* MyUINavigatinController.h */,
				8C3F69F21F41EC620017D754 /* MyUINavigatinController.m */,
				8C3F69F41F41EC880017D754 /* MyUITableViewController.h */,
				8C3F69F51F41EC880017D754 /* MyUITableViewController.m */,
				8C3F69F71F41ECB80017D754 /* MyUIViewController.h */,
				8C3F69F81F41ECB80017D754 /* MyUIViewController.m */,
				8C3F69FA1F41ED0D0017D754 /* MyUITableViewCell.h */,
				8C3F69FB1F41ED0D0017D754 /* MyUITableViewCell.m */,
				8C3F69FD1F41ED2E0017D754 /* ASHandlesMOC.h */,
				8C3F69FE1F41ED400017D754 /* ASHandleBooks.h */,
				8C3F69C21F4193E90017D754 /* Assets.xcassets */,
				8C3F69C41F4193E90017D754 /* LaunchScreen.storyboard */,
				8C3F69C71F4193E90017D754 /* Info.plist */,
				8C3F69C81F4193E90017D754 /* main.m */,
				8C3F69BF1F4193E90017D754 /* PeerReview11_v2.xcdatamodeld */,
			);
			path = "PeerReview11 v2";
			sourceTree = "<group>";
		};
		8C3F69D11F4193E90017D754 /* PeerReview11 v2Tests */ = {
			isa = PBXGroup;
			children = (
				8C3F69D21F4193E90017D754 /* PeerReview11_v2Tests.m */,
				8C3F69D41F4193E90017D754 /* Info.plist */,
			);
			path = "PeerReview11 v2Tests";
			sourceTree = "<group>";
		};
		8C3F69DC1F4193E90017D754 /* PeerReview11 v2UITests */ = {
			isa = PBXGroup;
			children = (
				8C3F69DD1F4193E90017D754 /* PeerReview11_v2UITests.m */,
				8C3F69DF1F4193E90017D754 /* Info.plist */,
			);
			path = "PeerReview11 v2UITests";
			sourceTree = "<group>";
		};
/* End PBXGroup section */

/* Begin PBXNativeTarget section */
		8C3F69B21F4193E90017D754 /* PeerReview11 v2 */ = {
			isa = PBXNativeTarget;
			buildConfigurationList = 8C3F69E21F4193E90017D754 /* Build configuration list for PBXNativeTarget "PeerReview11 v2" */;
			buildPhases = (
				8C3F69AF1F4193E90017D754 /* Sources */,
				8C3F69B01F4193E90017D754 /* Frameworks */,
				8C3F69B11F4193E90017D754 /* Resources */,
			);
			buildRules = (
			);
			dependencies = (
			);
			name = "PeerReview11 v2";
			productName = "PeerReview11 v2";
			productReference = 8C3F69B31F4193E90017D754 /* PeerReview11 v2.app */;
			productType = "com.apple.product-type.application";
		};
		8C3F69CD1F4193E90017D754 /* PeerReview11 v2Tests */ = {
			isa = PBXNativeTarget;
			buildConfigurationList = 8C3F69E51F4193E90017D754 /* Build configuration list for PBXNativeTarget "PeerReview11 v2Tests" */;
			buildPhases = (
				8C3F69CA1F4193E90017D754 /* Sources */,
				8C3F69CB1F4193E90017D754 /* Frameworks */,
				8C3F69CC1F4193E90017D754 /* Resources */,
			);
			buildRules = (
			);
			dependencies = (
				8C3F69D01F4193E90017D754 /* PBXTargetDependency */,
			);
			name = "PeerReview11 v2Tests";
			productName = "PeerReview11 v2Tests";
			productReference = 8C3F69CE1F4193E90017D754 /* PeerReview11 v2Tests.xctest */;
			productType = "com.apple.product-type.bundle.unit-test";
		};
		8C3F69D81F4193E90017D754 /* PeerReview11 v2UITests */ = {
			isa = PBXNativeTarget;
			buildConfigurationList = 8C3F69E81F4193E90017D754 /* Build configuration list for PBXNativeTarget "PeerReview11 v2UITests" */;
			buildPhases = (
				8C3F69D51F4193E90017D754 /* Sources */,
				8C3F69D61F4193E90017D754 /* Frameworks */,
				8C3F69D71F4193E90017D754 /* Resources */,
			);
			buildRules = (
			);
			dependencies = (
				8C3F69DB1F4193E90017D754 /* PBXTargetDependency */,
			);
			name = "PeerReview11 v2UITests";
			productName = "PeerReview11 v2UITests";
			productReference = 8C3F69D91F4193E90017D754 /* PeerReview11 v2UITests.xctest */;
			productType = "com.apple.product-type.bundle.ui-testing";
		};
/* End PBXNativeTarget section */

/* Begin PBXProject section */
		8C3F69AB1F4193E90017D754 /* Project object */ = {
			isa = PBXProject;
			attributes = {
				LastUpgradeCheck = 0900;
				ORGANIZATIONNAME = "Ananta Shahane";
				TargetAttributes = {
					8C3F69B21F4193E90017D754 = {
						CreatedOnToolsVersion = 9.0;
					};
					8C3F69CD1F4193E90017D754 = {
						CreatedOnToolsVersion = 9.0;
						TestTargetID = 8C3F69B21F4193E90017D754;
					};
					8C3F69D81F4193E90017D754 = {
						CreatedOnToolsVersion = 9.0;
						TestTargetID = 8C3F69B21F4193E90017D754;
					};
				};
			};
			buildConfigurationList = 8C3F69AE1F4193E90017D754 /* Build configuration list for PBXProject "PeerReview11 v2" */;
			compatibilityVersion = "Xcode 8.0";
			developmentRegion = en;
			hasScannedForEncodings = 0;
			knownRegions = (
				en,
				Base,
			);
			mainGroup = 8C3F69AA1F4193E90017D754;
			productRefGroup = 8C3F69B41F4193E90017D754 /* Products */;
			projectDirPath = "";
			projectRoot = "";
			targets = (
				8C3F69B21F4193E90017D754 /* PeerReview11 v2 */,
				8C3F69CD1F4193E90017D754 /* PeerReview11 v2Tests */,
				8C3F69D81F4193E90017D754 /* PeerReview11 v2UITests */,
			);
		};
/* End PBXProject section */

/* Begin PBXResourcesBuildPhase section */
		8C3F69B11F4193E90017D754 /* Resources */ = {
			isa = PBXResourcesBuildPhase;
			buildActionMask = 2147483647;
			files = (
				8C3F69C61F4193E90017D754 /* LaunchScreen.storyboard in Resources */,
				8C3F69C31F4193E90017D754 /* Assets.xcassets in Resources */,
				8C3F69BE1F4193E90017D754 /* Main.storyboard in Resources */,
			);
			runOnlyForDeploymentPostprocessing = 0;
		};
		8C3F69CC1F4193E90017D754 /* Resources */ = {
			isa = PBXResourcesBuildPhase;
			buildActionMask = 2147483647;
			files = (
			);
			runOnlyForDeploymentPostprocessing = 0;
		};
		8C3F69D71F4193E90017D754 /* Resources */ = {
			isa = PBXResourcesBuildPhase;
			buildActionMask = 2147483647;
			files = (
			);
			runOnlyForDeploymentPostprocessing = 0;
		};
/* End PBXResourcesBuildPhase section */

/* Begin PBXSourcesBuildPhase section */
		8C3F69AF1F4193E90017D754 /* Sources */ = {
			isa = PBXSourcesBuildPhase;
			buildActionMask = 2147483647;
			files = (
				8C3F69B81F4193E90017D754 /* AppDelegate.m in Sources */,
				8C363A351F434AF6000556E6 /* BookEntity+CoreDataClass.m in Sources */,
				8C3F69FC1F41ED0D0017D754 /* MyUITableViewCell.m in Sources */,
				8C3F69F91F41ECB80017D754 /* MyUIViewController.m in Sources */,
				8C3F69F31F41EC620017D754 /* MyUINavigatinController.m in Sources */,
				8C363A361F434AF6000556E6 /* BookEntity+CoreDataProperties.m in Sources */,
				8C3F69C91F4193E90017D754 /* main.m in Sources */,
				8C3F69F61F41EC880017D754 /* MyUITableViewController.m in Sources */,
				8C3F69C11F4193E90017D754 /* PeerReview11_v2.xcdatamodeld in Sources */,
			);
			runOnlyForDeploymentPostprocessing = 0;
		};
		8C3F69CA1F4193E90017D754 /* Sources */ = {
			isa = PBXSourcesBuildPhase;
			buildActionMask = 2147483647;
			files = (
				8C3F69D31F4193E90017D754 /* PeerReview11_v2Tests.m in Sources */,
			);
			runOnlyForDeploymentPostprocessing = 0;
		};
		8C3F69D51F4193E90017D754 /* Sources */ = {
			isa = PBXSourcesBuildPhase;
			buildActionMask = 2147483647;
			files = (
				8C3F69DE1F4193E90017D754 /* PeerReview11_v2UITests.m in Sources */,
			);
			runOnlyForDeploymentPostprocessing = 0;
		};
/* End PBXSourcesBuildPhase section */

/* Begin PBXTargetDependency section */
		8C3F69D01F4193E90017D754 /* PBXTargetDependency */ = {
			isa = PBXTargetDependency;
			target = 8C3F69B21F4193E90017D754 /* PeerReview11 v2 */;
			targetProxy = 8C3F69CF1F4193E90017D754 /* PBXContainerItemProxy */;
		};
		8C3F69DB1F4193E90017D754 /* PBXTargetDependency */ = {
			isa = PBXTargetDependency;
			target = 8C3F69B21F4193E90017D754 /* PeerReview11 v2 */;
			targetProxy = 8C3F69DA1F4193E90017D754 /* PBXContainerItemProxy */;
		};
/* End PBXTargetDependency section */

/* Begin PBXVariantGroup section */
		8C3F69BC1F4193E90017D754 /* Main.storyboard */ = {
			isa = PBXVariantGroup;
			children = (
				8C3F69BD1F4193E90017D754 /* Base */,
			);
			name = Main.storyboard;
			sourceTree = "<group>";
		};
		8C3F69C41F4193E90017D754 /* LaunchScreen.storyboard */ = {
			isa = PBXVariantGroup;
			children = (
				8C3F69C51F4193E90017D754 /* Base */,
			);
			name = LaunchScreen.storyboard;
			sourceTree = "<group>";
		};
/* End PBXVariantGroup section */

/* Begin XCBuildConfiguration section */
		8C3F69E01F4193E90017D754 /* Debug */ = {
			isa = XCBuildConfiguration;
			buildSettings = {
				ALWAYS_SEARCH_USER_PATHS = NO;
				CLANG_ANALYZER_NONNULL = YES;
				CLANG_ANALYZER_NUMBER_OBJECT_CONVERSION = YES_AGGRESSIVE;
				CLANG_CXX_LANGUAGE_STANDARD = "gnu++14";
				CLANG_CXX_LIBRARY = "libc++";
				CLANG_ENABLE_MODULES = YES;
				CLANG_ENABLE_OBJC_ARC = YES;
				CLANG_WARN_BLOCK_CAPTURE_AUTORELEASING = YES;
				CLANG_WARN_BOOL_CONVERSION = YES;
				CLANG_WARN_COMMA = YES;
				CLANG_WARN_CONSTANT_CONVERSION = YES;
				CLANG_WARN_DIRECT_OBJC_ISA_USAGE = YES_ERROR;
				CLANG_WARN_DOCUMENTATION_COMMENTS = YES;
				CLANG_WARN_EMPTY_BODY = YES;
				CLANG_WARN_ENUM_CONVERSION = YES;
				CLANG_WARN_INFINITE_RECURSION = YES;
				CLANG_WARN_INT_CONVERSION = YES;
				CLANG_WARN_NON_LITERAL_NULL_CONVERSION = YES;
				CLANG_WARN_OBJC_LITERAL_CONVERSION = YES;
				CLANG_WARN_OBJC_ROOT_CLASS = YES_ERROR;
				CLANG_WARN_RANGE_LOOP_ANALYSIS = YES;
				CLANG_WARN_STRICT_PROTOTYPES = YES;
				CLANG_WARN_SUSPICIOUS_MOVE = YES;
				CLANG_WARN_UNGUARDED_AVAILABILITY = YES_AGGRESSIVE;
				CLANG_WARN_UNREACHABLE_CODE = YES;
				CLANG_WARN__DUPLICATE_METHOD_MATCH = YES;
				CODE_SIGN_IDENTITY = "iPhone Developer";
				COPY_PHASE_STRIP = NO;
				DEBUG_INFORMATION_FORMAT = dwarf;
				ENABLE_STRICT_OBJC_MSGSEND = YES;
				ENABLE_TESTABILITY = YES;
				GCC_C_LANGUAGE_STANDARD = gnu11;
				GCC_DYNAMIC_NO_PIC = NO;
				GCC_NO_COMMON_BLOCKS = YES;
				GCC_OPTIMIZATION_LEVEL = 0;
				GCC_PREPROCESSOR_DEFINITIONS = (
					"DEBUG=1",
					"$(inherited)",
				);
				GCC_WARN_64_TO_32_BIT_CONVERSION = YES;
				GCC_WARN_ABOUT_RETURN_TYPE = YES_ERROR;
				GCC_WARN_UNDECLARED_SELECTOR = YES;
				GCC_WARN_UNINITIALIZED_AUTOS = YES_AGGRESSIVE;
				GCC_WARN_UNUSED_FUNCTION = YES;
				GCC_WARN_UNUSED_VARIABLE = YES;
				IPHONEOS_DEPLOYMENT_TARGET = 11.0;
				MTL_ENABLE_DEBUG_INFO = YES;
				ONLY_ACTIVE_ARCH = YES;
				SDKROOT = iphoneos;
			};
			name = Debug;
		};
		8C3F69E11F4193E90017D754 /* Release */ = {
			isa = XCBuildConfiguration;
			buildSettings = {
				ALWAYS_SEARCH_USER_PATHS = NO;
				CLANG_ANALYZER_NONNULL = YES;
				CLANG_ANALYZER_NUMBER_OBJECT_CONVERSION = YES_AGGRESSIVE;
				CLANG_CXX_LANGUAGE_STANDARD = "gnu++14";
				CLANG_CXX_LIBRARY = "libc++";
				CLANG_ENABLE_MODULES = YES;
				CLANG_ENABLE_OBJC_ARC = YES;
				CLANG_WARN_BLOCK_CAPTURE_AUTORELEASING = YES;
				CLANG_WARN_BOOL_CONVERSION = YES;
				CLANG_WARN_COMMA = YES;
				CLANG_WARN_CONSTANT_CONVERSION = YES;
				CLANG_WARN_DIRECT_OBJC_ISA_USAGE = YES_ERROR;
				CLANG_WARN_DOCUMENTATION_COMMENTS = YES;
				CLANG_WARN_EMPTY_BODY = YES;
				CLANG_WARN_ENUM_CONVERSION = YES;
				CLANG_WARN_INFINITE_RECURSION = YES;
				CLANG_WARN_INT_CONVERSION = YES;
				CLANG_WARN_NON_LITERAL_NULL_CONVERSION = YES;
				CLANG_WARN_OBJC_LITERAL_CONVERSION = YES;
				CLANG_WARN_OBJC_ROOT_CLASS = YES_ERROR;
				CLANG_WARN_RANGE_LOOP_ANALYSIS = YES;
				CLANG_WARN_STRICT_PROTOTYPES = YES;
				CLANG_WARN_SUSPICIOUS_MOVE = YES;
				CLANG_WARN_UNGUARDED_AVAILABILITY = YES_AGGRESSIVE;
				CLANG_WARN_UNREACHABLE_CODE = YES;
				CLANG_WARN__DUPLICATE_METHOD_MATCH = YES;
				CODE_SIGN_IDENTITY = "iPhone Developer";
				COPY_PHASE_STRIP = NO;
				DEBUG_INFORMATION_FORMAT = "dwarf-with-dsym";
				ENABLE_NS_ASSERTIONS = NO;
				ENABLE_STRICT_OBJC_MSGSEND = YES;
				GCC_C_LANGUAGE_STANDARD = gnu11;
				GCC_NO_COMMON_BLOCKS = YES;
				GCC_WARN_64_TO_32_BIT_CONVERSION = YES;
				GCC_WARN_ABOUT_RETURN_TYPE = YES_ERROR;
				GCC_WARN_UNDECLARED_SELECTOR = YES;
				GCC_WARN_UNINITIALIZED_AUTOS = YES_AGGRESSIVE;
				GCC_WARN_UNUSED_FUNCTION = YES;
				GCC_WARN_UNUSED_VARIABLE = YES;
				IPHONEOS_DEPLOYMENT_TARGET = 11.0;
				MTL_ENABLE_DEBUG_INFO = NO;
				SDKROOT = iphoneos;
				VALIDATE_PRODUCT = YES;
			};
			name = Release;
		};
		8C3F69E31F4193E90017D754 /* Debug */ = {
			isa = XCBuildConfiguration;
			buildSettings = {
				ASSETCATALOG_COMPILER_APPICON_NAME = AppIcon;
				DEVELOPMENT_TEAM = Q7KHHPX4EM;
				INFOPLIST_FILE = "PeerReview11 v2/Info.plist";
				IPHONEOS_DEPLOYMENT_TARGET = 10.0;
				LD_RUNPATH_SEARCH_PATHS = "$(inherited) @executable_path/Frameworks";
				PRODUCT_BUNDLE_IDENTIFIER = "Ananta.PeerReview11-v2";
				PRODUCT_NAME = "$(TARGET_NAME)";
				TARGETED_DEVICE_FAMILY = "1,2";
			};
			name = Debug;
		};
		8C3F69E41F4193E90017D754 /* Release */ = {
			isa = XCBuildConfiguration;
			buildSettings = {
				ASSETCATALOG_COMPILER_APPICON_NAME = AppIcon;
				DEVELOPMENT_TEAM = Q7KHHPX4EM;
				INFOPLIST_FILE = "PeerReview11 v2/Info.plist";
				IPHONEOS_DEPLOYMENT_TARGET = 10.0;
				LD_RUNPATH_SEARCH_PATHS = "$(inherited) @executable_path/Frameworks";
				PRODUCT_BUNDLE_IDENTIFIER = "Ananta.PeerReview11-v2";
				PRODUCT_NAME = "$(TARGET_NAME)";
				TARGETED_DEVICE_FAMILY = "1,2";
			};
			name = Release;
		};
		8C3F69E61F4193E90017D754 /* Debug */ = {
			isa = XCBuildConfiguration;
			buildSettings = {
				BUNDLE_LOADER = "$(TEST_HOST)";
				INFOPLIST_FILE = "PeerReview11 v2Tests/Info.plist";
				IPHONEOS_DEPLOYMENT_TARGET = 9.0;
				LD_RUNPATH_SEARCH_PATHS = "$(inherited) @executable_path/Frameworks @loader_path/Frameworks";
				PRODUCT_BUNDLE_IDENTIFIER = "Ananta.PeerReview11-v2Tests";
				PRODUCT_NAME = "$(TARGET_NAME)";
				TARGETED_DEVICE_FAMILY = "1,2";
				TEST_HOST = "$(BUILT_PRODUCTS_DIR)/PeerReview11 v2.app/PeerReview11 v2";
			};
			name = Debug;
		};
		8C3F69E71F4193E90017D754 /* Release */ = {
			isa = XCBuildConfiguration;
			buildSettings = {
				BUNDLE_LOADER = "$(TEST_HOST)";
				INFOPLIST_FILE = "PeerReview11 v2Tests/Info.plist";
				IPHONEOS_DEPLOYMENT_TARGET = 9.0;
				LD_RUNPATH_SEARCH_PATHS = "$(inherited) @executable_path/Frameworks @loader_path/Frameworks";
				PRODUCT_BUNDLE_IDENTIFIER = "Ananta.PeerReview11-v2Tests";
				PRODUCT_NAME = "$(TARGET_NAME)";
				TARGETED_DEVICE_FAMILY = "1,2";
				TEST_HOST = "$(BUILT_PRODUCTS_DIR)/PeerReview11 v2.app/PeerReview11 v2";
			};
			name = Release;
		};
		8C3F69E91F4193E90017D754 /* Debug */ = {
			isa = XCBuildConfiguration;
			buildSettings = {
				INFOPLIST_FILE = "PeerReview11 v2UITests/Info.plist";
				IPHONEOS_DEPLOYMENT_TARGET = 9.0;
				LD_RUNPATH_SEARCH_PATHS = "$(inherited) @executable_path/Frameworks @loader_path/Frameworks";
				PRODUCT_BUNDLE_IDENTIFIER = "Ananta.PeerReview11-v2UITests";
				PRODUCT_NAME = "$(TARGET_NAME)";
				TARGETED_DEVICE_FAMILY = "1,2";
				TEST_TARGET_NAME = "PeerReview11 v2";
			};
			name = Debug;
		};
		8C3F69EA1F4193E90017D754 /* Release */ = {
			isa = XCBuildConfiguration;
			buildSettings = {
				INFOPLIST_FILE = "PeerReview11 v2UITests/Info.plist";
				IPHONEOS_DEPLOYMENT_TARGET = 9.0;
				LD_RUNPATH_SEARCH_PATHS = "$(inherited) @executable_path/Frameworks @loader_path/Frameworks";
				PRODUCT_BUNDLE_IDENTIFIER = "Ananta.PeerReview11-v2UITests";
				PRODUCT_NAME = "$(TARGET_NAME)";
				TARGETED_DEVICE_FAMILY = "1,2";
				TEST_TARGET_NAME = "PeerReview11 v2";
			};
			name = Release;
		};
/* End XCBuildConfiguration section */

/* Begin XCConfigurationList section */
		8C3F69AE1F4193E90017D754 /* Build configuration list for PBXProject "PeerReview11 v2" */ = {
			isa = XCConfigurationList;
			buildConfigurations = (
				8C3F69E01F4193E90017D754 /* Debug */,
				8C3F69E11F4193E90017D754 /* Release */,
			);
			defaultConfigurationIsVisible = 0;
			defaultConfigurationName = Release;
		};
		8C3F69E21F4193E90017D754 /* Build configuration list for PBXNativeTarget "PeerReview11 v2" */ = {
			isa = XCConfigurationList;
			buildConfigurations = (
				8C3F69E31F4193E90017D754 /* Debug */,
				8C3F69E41F4193E90017D754 /* Release */,
			);
			defaultConfigurationIsVisible = 0;
			defaultConfigurationName = Release;
		};
		8C3F69E51F4193E90017D754 /* Build configuration list for PBXNativeTarget "PeerReview11 v2Tests" */ = {
			isa = XCConfigurationList;
			buildConfigurations = (
				8C3F69E61F4193E90017D754 /* Debug */,
				8C3F69E71F4193E90017D754 /* Release */,
			);
			defaultConfigurationIsVisible = 0;
			defaultConfigurationName = Release;
		};
		8C3F69E81F4193E90017D754 /* Build configuration list for PBXNativeTarget "PeerReview11 v2UITests" */ = {
			isa = XCConfigurationList;
			buildConfigurations = (
				8C3F69E91F4193E90017D754 /* Debug */,
				8C3F69EA1F4193E90017D754 /* Release */,
			);
			defaultConfigurationIsVisible = 0;
			defaultConfigurationName = Release;
		};
/* End XCConfigurationList section */

/* Begin XCVersionGroup section */
		8C3F69BF1F4193E90017D754 /* PeerReview11_v2.xcdatamodeld */ = {
			isa = XCVersionGroup;
			children = (
				8C3F69C01F4193E90017D754 /* PeerReview11_v2.xcdatamodel */,
			);
			currentVersion = 8C3F69C01F4193E90017D754 /* PeerReview11_v2.xcdatamodel */;
			path = PeerReview11_v2.xcdatamodeld;
			sourceTree = "<group>";
			versionGroupType = wrapper.xcdatamodel;
		};
/* End XCVersionGroup section */
	};
	rootObject = 8C3F69AB1F4193E90017D754 /* Project object */;
}
